
Microsoft Visual Studio Solution File, Format Version 12.00
# Visual Studio Version 16
VisualStudioVersion = 16.0.30523.141
MinimumVisualStudioVersion = 10.0.40219.1
Project("{FAE04EC0-301F-11D3-BF4B-00C04F79EFBC}") = "MethodPartTwo", "MethodPartTwo\MethodPartTwo.csproj", "{186C134A-D970-49DA-A433-6D6197C8DAA9}"
EndProject
Project("{FAE04EC0-301F-11D3-BF4B-00C04F79EFBC}") = "Params", "Params\Params.csproj", "{9ADFFA26-E3EC-4E32-B460-76E62D929D30}"
EndProject
Project("{FAE04EC0-301F-11D3-BF4B-00C04F79EFBC}") = "OptionalParameters", "OptionalParameters\OptionalParameters.csproj", "{344A8ABA-A836-4DCB-84AD-3D8EA8BEF0CA}"
EndProject
Global
	GlobalSection(SolutionConfigurationPlatforms) = preSolution
		Debug|Any CPU = Debug|Any CPU
		Release|Any CPU = Release|Any CPU
	EndGlobalSection
	GlobalSection(ProjectConfigurationPlatforms) = postSolution
		{186C134A-D970-49DA-A433-6D6197C8DAA9}.Debug|Any CPU.ActiveCfg = Debug|Any CPU
		{186C134A-D970-49DA-A433-6D6197C8DAA9}.Debug|Any CPU.Build.0 = Debug|Any CPU
		{186C134A-D970-49DA-A433-6D6197C8DAA9}.Release|Any CPU.ActiveCfg = Release|Any CPU
		{186C134A-D970-49DA-A433-6D6197C8DAA9}.Release|Any CPU.Build.0 = Release|Any CPU
		{9ADFFA26-E3EC-4E32-B460-76E62D929D30}.Debug|Any CPU.ActiveCfg = Debug|Any CPU
		{9ADFFA26-E3EC-4E32-B460-76E62D929D30}.Debug|Any CPU.Build.0 = Debug|Any CPU
		{9ADFFA26-E3EC-4E32-B460-76E62D929D30}.Release|Any CPU.ActiveCfg = Release|Any CPU
		{9ADFFA26-E3EC-4E32-B460-76E62D929D30}.Release|Any CPU.Build.0 = Release|Any CPU
		{344A8ABA-A836-4DCB-84AD-3D8EA8BEF0CA}.Debug|Any CPU.ActiveCfg = Debug|Any CPU
		{344A8ABA-A836-4DCB-84AD-3D8EA8BEF0CA}.Debug|Any CPU.Build.0 = Debug|Any CPU
		{344A8ABA-A836-4DCB-84AD-3D8EA8BEF0CA}.Release|Any CPU.ActiveCfg = Release|Any CPU
		{344A8ABA-A836-4DCB-84AD-3D8EA8BEF0CA}.Release|Any CPU.Build.0 = Release|Any CPU
	EndGlobalSection
	GlobalSection(SolutionProperties) = preSolution
		HideSolutionNode = FALSE
	EndGlobalSection
	GlobalSection(ExtensibilityGlobals) = postSolution
		SolutionGuid = {0DA1B7B2-64F3-482B-BFA9-B3F32AD661C9}
	EndGlobalSection
EndGlobal
